{
  "name": "paginate-hooks",
  "version": "1.0.0",
  "lockfileVersion": 1,
  "requires": true,
  "dependencies": {
    "fastify-plugin": {
      "version": "1.5.0",
      "resolved": "https://registry.npmjs.org/fastify-plugin/-/fastify-plugin-1.5.0.tgz",
      "integrity": "sha512-bXKSTR4Q1lxERf1p/10Aakga570XtcxCCvPR1gby5js1XOtg7E8UV+aHHEPbGowQGV/KVb7ARBROhPk2I4DfBw==",
      "requires": {
        "semver": "^5.5.0"
      }
    },
    "semver": {
      "version": "5.6.0",
      "resolved": "https://registry.npmjs.org/semver/-/semver-5.6.0.tgz",
      "integrity": "sha512-RS9R6R35NYgQn++fkDWaOmqGoj4Ek9gGs+DPxNUZKuwE183xjJroKvyo1IzVFeXvUrvmALy6FWD5xrdJT25gMg=="
    }
  }
}
